// !$*UTF8*$!
{
	archiveVersion = 1;
	classes = {
	};
	objectVersion = 50;
	objects = {

/* Begin PBXBuildFile section */
		D572C179247EB34B00681E1B /* AppDelegate.swift in Sources */ = {isa = PBXBuildFile; fileRef = D572C178247EB34B00681E1B /* AppDelegate.swift */; };
		D572C17B247EB34B00681E1B /* SceneDelegate.swift in Sources */ = {isa = PBXBuildFile; fileRef = D572C17A247EB34B00681E1B /* SceneDelegate.swift */; };
		D572C17D247EB34B00681E1B /* ViewController.swift in Sources */ = {isa = PBXBuildFile; fileRef = D572C17C247EB34B00681E1B /* ViewController.swift */; };
		D572C180247EB34B00681E1B /* Main.storyboard in Resources */ = {isa = PBXBuildFile; fileRef = D572C17E247EB34B00681E1B /* Main.storyboard */; };
		D572C182247EB34C00681E1B /* Assets.xcassets in Resources */ = {isa = PBXBuildFile; fileRef = D572C181247EB34C00681E1B /* Assets.xcassets */; };
		D572C185247EB34C00681E1B /* LaunchScreen.storyboard in Resources */ = {isa = PBXBuildFile; fileRef = D572C183247EB34C00681E1B /* LaunchScreen.storyboard */; };
		D572C18E247EB4FA00681E1B /* Picture.swift in Sources */ = {isa = PBXBuildFile; fileRef = D572C18D247EB4FA00681E1B /* Picture.swift */; };
		D572C190247EB54E00681E1B /* Storage.swift in Sources */ = {isa = PBXBuildFile; fileRef = D572C18F247EB54E00681E1B /* Storage.swift */; };
		D5DBEAA22480261400A312F6 /* DetailsController.swift in Sources */ = {isa = PBXBuildFile; fileRef = D5DBEAA12480261400A312F6 /* DetailsController.swift */; };
		D5DBEAA624803DAE00A312F6 /* HeaderCell.swift in Sources */ = {isa = PBXBuildFile; fileRef = D5DBEAA524803DAE00A312F6 /* HeaderCell.swift */; };
		D5F17D3C2481AB4C000FCBA5 /* AddNewPhotoViewController.swift in Sources */ = {isa = PBXBuildFile; fileRef = D5F17D3B2481AB4C000FCBA5 /* AddNewPhotoViewController.swift */; };
/* End PBXBuildFile section */

/* Begin PBXFileReference section */
		D572C175247EB34B00681E1B /* HomeWork7.app */ = {isa = PBXFileReference; explicitFileType = wrapper.application; includeInIndex = 0; path = HomeWork7.app; sourceTree = BUILT_PRODUCTS_DIR; };
		D572C178247EB34B00681E1B /* AppDelegate.swift */ = {isa = PBXFileReference; lastKnownFileType = sourcecode.swift; path = AppDelegate.swift; sourceTree = "<group>"; };
		D572C17A247EB34B00681E1B /* SceneDelegate.swift */ = {isa = PBXFileReference; lastKnownFileType = sourcecode.swift; path = SceneDelegate.swift; sourceTree = "<group>"; };
		D572C17C247EB34B00681E1B /* ViewController.swift */ = {isa = PBXFileReference; lastKnownFileType = sourcecode.swift; path = ViewController.swift; sourceTree = "<group>"; };
		D572C17F247EB34B00681E1B /* Base */ = {isa = PBXFileReference; lastKnownFileType = file.storyboard; name = Base; path = Base.lproj/Main.storyboard; sourceTree = "<group>"; };
		D572C181247EB34C00681E1B /* Assets.xcassets */ = {isa = PBXFileReference; lastKnownFileType = folder.assetcatalog; path = Assets.xcassets; sourceTree = "<group>"; };
		D572C184247EB34C00681E1B /* Base */ = {isa = PBXFileReference; lastKnownFileType = file.storyboard; name = Base; path = Base.lproj/LaunchScreen.storyboard; sourceTree = "<group>"; };
		D572C186247EB34C00681E1B /* Info.plist */ = {isa = PBXFileReference; lastKnownFileType = text.plist.xml; path = Info.plist; sourceTree = "<group>"; };
		D572C18D247EB4FA00681E1B /* Picture.swift */ = {isa = PBXFileReference; lastKnownFileType = sourcecode.swift; path = Picture.swift; sourceTree = "<group>"; };
		D572C18F247EB54E00681E1B /* Storage.swift */ = {isa = PBXFileReference; lastKnownFileType = sourcecode.swift; path = Storage.swift; sourceTree = "<group>"; };
		D5DBEAA12480261400A312F6 /* DetailsController.swift */ = {isa = PBXFileReference; lastKnownFileType = sourcecode.swift; path = DetailsController.swift; sourceTree = "<group>"; };
		D5DBEAA524803DAE00A312F6 /* HeaderCell.swift */ = {isa = PBXFileReference; lastKnownFileType = sourcecode.swift; path = HeaderCell.swift; sourceTree = "<group>"; };
		D5F17D3B2481AB4C000FCBA5 /* AddNewPhotoViewController.swift */ = {isa = PBXFileReference; lastKnownFileType = sourcecode.swift; path = AddNewPhotoViewController.swift; sourceTree = "<group>"; };
/* End PBXFileReference section */

/* Begin PBXFrameworksBuildPhase section */
		D572C172247EB34B00681E1B /* Frameworks */ = {
			isa = PBXFrameworksBuildPhase;
			buildActionMask = 2147483647;
			files = (
			);
			runOnlyForDeploymentPostprocessing = 0;
		};
/* End PBXFrameworksBuildPhase section */

/* Begin PBXGroup section */
		D572C16C247EB34B00681E1B = {
			isa = PBXGroup;
			children = (
				D572C177247EB34B00681E1B /* HomeWork7 */,
				D572C176247EB34B00681E1B /* Products */,
			);
			sourceTree = "<group>";
		};
		D572C176247EB34B00681E1B /* Products */ = {
			isa = PBXGroup;
			children = (
				D572C175247EB34B00681E1B /* HomeWork7.app */,
			);
			name = Products;
			sourceTree = "<group>";
		};
		D572C177247EB34B00681E1B /* HomeWork7 */ = {
			isa = PBXGroup;
			children = (
				D5DBEAA0248025EC00A312F6 /* Controllers */,
				D572C191247EB78C00681E1B /* View */,
				D572C18C247EB4E700681E1B /* Models */,
				D572C178247EB34B00681E1B /* AppDelegate.swift */,
				D572C17A247EB34B00681E1B /* SceneDelegate.swift */,
				D572C17E247EB34B00681E1B /* Main.storyboard */,
				D572C181247EB34C00681E1B /* Assets.xcassets */,
				D572C183247EB34C00681E1B /* LaunchScreen.storyboard */,
				D572C186247EB34C00681E1B /* Info.plist */,
			);
			path = HomeWork7;
			sourceTree = "<group>";
		};
		D572C18C247EB4E700681E1B /* Models */ = {
			isa = PBXGroup;
			children = (
				D572C18D247EB4FA00681E1B /* Picture.swift */,
				D572C18F247EB54E00681E1B /* Storage.swift */,
			);
			path = Models;
			sourceTree = "<group>";
		};
		D572C191247EB78C00681E1B /* View */ = {
			isa = PBXGroup;
			children = (
				D5DBEAA524803DAE00A312F6 /* HeaderCell.swift */,
			);
			path = View;
			sourceTree = "<group>";
		};
		D5DBEAA0248025EC00A312F6 /* Controllers */ = {
			isa = PBXGroup;
			children = (
				D572C17C247EB34B00681E1B /* ViewController.swift */,
				D5DBEAA12480261400A312F6 /* DetailsController.swift */,
				D5F17D3B2481AB4C000FCBA5 /* AddNewPhotoViewController.swift */,
			);
			path = Controllers;
			sourceTree = "<group>";
		};
/* End PBXGroup section */

/* Begin PBXNativeTarget section */
		D572C174247EB34B00681E1B /* HomeWork7 */ = {
			isa = PBXNativeTarget;
			buildConfigurationList = D572C189247EB34C00681E1B /* Build configuration list for PBXNativeTarget "HomeWork7" */;
			buildPhases = (
				D572C171247EB34B00681E1B /* Sources */,
				D572C172247EB34B00681E1B /* Frameworks */,
				D572C173247EB34B00681E1B /* Resources */,
			);
			buildRules = (
			);
			dependencies = (
			);
			name = HomeWork7;
			productName = HomeWork7;
			productReference = D572C175247EB34B00681E1B /* HomeWork7.app */;
			productType = "com.apple.product-type.application";
		};
/* End PBXNativeTarget section */

/* Begin PBXProject section */
		D572C16D247EB34B00681E1B /* Project object */ = {
			isa = PBXProject;
			attributes = {
				LastSwiftUpdateCheck = 1150;
				LastUpgradeCheck = 1150;
				ORGANIZATIONNAME = "Vadym Volkov";
				TargetAttributes = {
					D572C174247EB34B00681E1B = {
						CreatedOnToolsVersion = 11.5;
					};
				};
			};
			buildConfigurationList = D572C170247EB34B00681E1B /* Build configuration list for PBXProject "HomeWork7" */;
			compatibilityVersion = "Xcode 9.3";
			developmentRegion = en;
			hasScannedForEncodings = 0;
			knownRegions = (
				en,
				Base,
			);
			mainGroup = D572C16C247EB34B00681E1B;
			productRefGroup = D572C176247EB34B00681E1B /* Products */;
			projectDirPath = "";
			projectRoot = "";
			targets = (
				D572C174247EB34B00681E1B /* HomeWork7 */,
			);
		};
/* End PBXProject section */

/* Begin PBXResourcesBuildPhase section */
		D572C173247EB34B00681E1B /* Resources */ = {
			isa = PBXResourcesBuildPhase;
			buildActionMask = 2147483647;
			files = (
				D572C185247EB34C00681E1B /* LaunchScreen.storyboard in Resources */,
				D572C182247EB34C00681E1B /* Assets.xcassets in Resources */,
				D572C180247EB34B00681E1B /* Main.storyboard in Resources */,
			);
			runOnlyForDeploymentPostprocessing = 0;
		};
/* End PBXResourcesBuildPhase section */

/* Begin PBXSourcesBuildPhase section */
		D572C171247EB34B00681E1B /* Sources */ = {
			isa = PBXSourcesBuildPhase;
			buildActionMask = 2147483647;
			files = (
				D5DBEAA22480261400A312F6 /* DetailsController.swift in Sources */,
				D572C190247EB54E00681E1B /* Storage.swift in Sources */,
				D572C18E247EB4FA00681E1B /* Picture.swift in Sources */,
				D5DBEAA624803DAE00A312F6 /* HeaderCell.swift in Sources */,
				D572C17D247EB34B00681E1B /* ViewController.swift in Sources */,
				D572C179247EB34B00681E1B /* AppDelegate.swift in Sources */,
				D5F17D3C2481AB4C000FCBA5 /* AddNewPhotoViewController.swift in Sources */,
				D572C17B247EB34B00681E1B /* SceneDelegate.swift in Sources */,
			);
			runOnlyForDeploymentPostprocessing = 0;
		};
/* End PBXSourcesBuildPhase section */

/* Begin PBXVariantGroup section */
		D572C17E247EB34B00681E1B /* Main.storyboard */ = {
			isa = PBXVariantGroup;
			children = (
				D572C17F247EB34B00681E1B /* Base */,
			);
			name = Main.storyboard;
			sourceTree = "<group>";
		};
		D572C183247EB34C00681E1B /* LaunchScreen.storyboard */ = {
			isa = PBXVariantGroup;
			children = (
				D572C184247EB34C00681E1B /* Base */,
			);
			name = LaunchScreen.storyboard;
			sourceTree = "<group>";
		};
/* End PBXVariantGroup section */

/* Begin XCBuildConfiguration section */
		D572C187247EB34C00681E1B /* Debug */ = {
			isa = XCBuildConfiguration;
			buildSettings = {
				ALWAYS_SEARCH_USER_PATHS = NO;
				CLANG_ANALYZER_NONNULL = YES;
				CLANG_ANALYZER_NUMBER_OBJECT_CONVERSION = YES_AGGRESSIVE;
				CLANG_CXX_LANGUAGE_STANDARD = "gnu++14";
				CLANG_CXX_LIBRARY = "libc++";
				CLANG_ENABLE_MODULES = YES;
				CLANG_ENABLE_OBJC_ARC = YES;
				CLANG_ENABLE_OBJC_WEAK = YES;
				CLANG_WARN_BLOCK_CAPTURE_AUTORELEASING = YES;
				CLANG_WARN_BOOL_CONVERSION = YES;
				CLANG_WARN_COMMA = YES;
				CLANG_WARN_CONSTANT_CONVERSION = YES;
				CLANG_WARN_DEPRECATED_OBJC_IMPLEMENTATIONS = YES;
				CLANG_WARN_DIRECT_OBJC_ISA_USAGE = YES_ERROR;
				CLANG_WARN_DOCUMENTATION_COMMENTS = YES;
				CLANG_WARN_EMPTY_BODY = YES;
				CLANG_WARN_ENUM_CONVERSION = YES;
				CLANG_WARN_INFINITE_RECURSION = YES;
				CLANG_WARN_INT_CONVERSION = YES;
				CLANG_WARN_NON_LITERAL_NULL_CONVERSION = YES;
				CLANG_WARN_OBJC_IMPLICIT_RETAIN_SELF = YES;
				CLANG_WARN_OBJC_LITERAL_CONVERSION = YES;
				CLANG_WARN_OBJC_ROOT_CLASS = YES_ERROR;
				CLANG_WARN_RANGE_LOOP_ANALYSIS = YES;
				CLANG_WARN_STRICT_PROTOTYPES = YES;
				CLANG_WARN_SUSPICIOUS_MOVE = YES;
				CLANG_WARN_UNGUARDED_AVAILABILITY = YES_AGGRESSIVE;
				CLANG_WARN_UNREACHABLE_CODE = YES;
				CLANG_WARN__DUPLICATE_METHOD_MATCH = YES;
				COPY_PHASE_STRIP = NO;
				DEBUG_INFORMATION_FORMAT = dwarf;
				ENABLE_STRICT_OBJC_MSGSEND = YES;
				ENABLE_TESTABILITY = YES;
				GCC_C_LANGUAGE_STANDARD = gnu11;
				GCC_DYNAMIC_NO_PIC = NO;
				GCC_NO_COMMON_BLOCKS = YES;
				GCC_OPTIMIZATION_LEVEL = 0;
				GCC_PREPROCESSOR_DEFINITIONS = (
					"DEBUG=1",
					"$(inherited)",
				);
				GCC_WARN_64_TO_32_BIT_CONVERSION = YES;
				GCC_WARN_ABOUT_RETURN_TYPE = YES_ERROR;
				GCC_WARN_UNDECLARED_SELECTOR = YES;
				GCC_WARN_UNINITIALIZED_AUTOS = YES_AGGRESSIVE;
				GCC_WARN_UNUSED_FUNCTION = YES;
				GCC_WARN_UNUSED_VARIABLE = YES;
				IPHONEOS_DEPLOYMENT_TARGET = 13.5;
				MTL_ENABLE_DEBUG_INFO = INCLUDE_SOURCE;
				MTL_FAST_MATH = YES;
				ONLY_ACTIVE_ARCH = YES;
				SDKROOT = iphoneos;
				SWIFT_ACTIVE_COMPILATION_CONDITIONS = DEBUG;
				SWIFT_OPTIMIZATION_LEVEL = "-Onone";
			};
			name = Debug;
		};
		D572C188247EB34C00681E1B /* Release */ = {
			isa = XCBuildConfiguration;
			buildSettings = {
				ALWAYS_SEARCH_USER_PATHS = NO;
				CLANG_ANALYZER_NONNULL = YES;
				CLANG_ANALYZER_NUMBER_OBJECT_CONVERSION = YES_AGGRESSIVE;
				CLANG_CXX_LANGUAGE_STANDARD = "gnu++14";
				CLANG_CXX_LIBRARY = "libc++";
				CLANG_ENABLE_MODULES = YES;
				CLANG_ENABLE_OBJC_ARC = YES;
				CLANG_ENABLE_OBJC_WEAK = YES;
				CLANG_WARN_BLOCK_CAPTURE_AUTORELEASING = YES;
				CLANG_WARN_BOOL_CONVERSION = YES;
				CLANG_WARN_COMMA = YES;
				CLANG_WARN_CONSTANT_CONVERSION = YES;
				CLANG_WARN_DEPRECATED_OBJC_IMPLEMENTATIONS = YES;
				CLANG_WARN_DIRECT_OBJC_ISA_USAGE = YES_ERROR;
				CLANG_WARN_DOCUMENTATION_COMMENTS = YES;
				CLANG_WARN_EMPTY_BODY = YES;
				CLANG_WARN_ENUM_CONVERSION = YES;
				CLANG_WARN_INFINITE_RECURSION = YES;
				CLANG_WARN_INT_CONVERSION = YES;
				CLANG_WARN_NON_LITERAL_NULL_CONVERSION = YES;
				CLANG_WARN_OBJC_IMPLICIT_RETAIN_SELF = YES;
				CLANG_WARN_OBJC_LITERAL_CONVERSION = YES;
				CLANG_WARN_OBJC_ROOT_CLASS = YES_ERROR;
				CLANG_WARN_RANGE_LOOP_ANALYSIS = YES;
				CLANG_WARN_STRICT_PROTOTYPES = YES;
				CLANG_WARN_SUSPICIOUS_MOVE = YES;
				CLANG_WARN_UNGUARDED_AVAILABILITY = YES_AGGRESSIVE;
				CLANG_WARN_UNREACHABLE_CODE = YES;
				CLANG_WARN__DUPLICATE_METHOD_MATCH = YES;
				COPY_PHASE_STRIP = NO;
				DEBUG_INFORMATION_FORMAT = "dwarf-with-dsym";
				ENABLE_NS_ASSERTIONS = NO;
				ENABLE_STRICT_OBJC_MSGSEND = YES;
				GCC_C_LANGUAGE_STANDARD = gnu11;
				GCC_NO_COMMON_BLOCKS = YES;
				GCC_WARN_64_TO_32_BIT_CONVERSION = YES;
				GCC_WARN_ABOUT_RETURN_TYPE = YES_ERROR;
				GCC_WARN_UNDECLARED_SELECTOR = YES;
				GCC_WARN_UNINITIALIZED_AUTOS = YES_AGGRESSIVE;
				GCC_WARN_UNUSED_FUNCTION = YES;
				GCC_WARN_UNUSED_VARIABLE = YES;
				IPHONEOS_DEPLOYMENT_TARGET = 13.5;
				MTL_ENABLE_DEBUG_INFO = NO;
				MTL_FAST_MATH = YES;
				SDKROOT = iphoneos;
				SWIFT_COMPILATION_MODE = wholemodule;
				SWIFT_OPTIMIZATION_LEVEL = "-O";
				VALIDATE_PRODUCT = YES;
			};
			name = Release;
		};
		D572C18A247EB34C00681E1B /* Debug */ = {
			isa = XCBuildConfiguration;
			buildSettings = {
				ASSETCATALOG_COMPILER_APPICON_NAME = AppIcon;
				CODE_SIGN_STYLE = Automatic;
				DEVELOPMENT_TEAM = WDNVRYS434;
				INFOPLIST_FILE = HomeWork7/Info.plist;
				LD_RUNPATH_SEARCH_PATHS = (
					"$(inherited)",
					"@executable_path/Frameworks",
				);
				PRODUCT_BUNDLE_IDENTIFIER = wc.group.HomeWork7;
				PRODUCT_NAME = "$(TARGET_NAME)";
				SWIFT_VERSION = 5.0;
				TARGETED_DEVICE_FAMILY = "1,2";
			};
			name = Debug;
		};
		D572C18B247EB34C00681E1B /* Release */ = {
			isa = XCBuildConfiguration;
			buildSettings = {
				ASSETCATALOG_COMPILER_APPICON_NAME = AppIcon;
				CODE_SIGN_STYLE = Automatic;
				DEVELOPMENT_TEAM = WDNVRYS434;
				INFOPLIST_FILE = HomeWork7/Info.plist;
				LD_RUNPATH_SEARCH_PATHS = (
					"$(inherited)",
					"@executable_path/Frameworks",
				);
				PRODUCT_BUNDLE_IDENTIFIER = wc.group.HomeWork7;
				PRODUCT_NAME = "$(TARGET_NAME)";
				SWIFT_VERSION = 5.0;
				TARGETED_DEVICE_FAMILY = "1,2";
			};
			name = Release;
		};
/* End XCBuildConfiguration section */

/* Begin XCConfigurationList section */
		D572C170247EB34B00681E1B /* Build configuration list for PBXProject "HomeWork7" */ = {
			isa = XCConfigurationList;
			buildConfigurations = (
				D572C187247EB34C00681E1B /* Debug */,
				D572C188247EB34C00681E1B /* Release */,
			);
			defaultConfigurationIsVisible = 0;
			defaultConfigurationName = Release;
		};
		D572C189247EB34C00681E1B /* Build configuration list for PBXNativeTarget "HomeWork7" */ = {
			isa = XCConfigurationList;
			buildConfigurations = (
				D572C18A247EB34C00681E1B /* Debug */,
				D572C18B247EB34C00681E1B /* Release */,
			);
			defaultConfigurationIsVisible = 0;
			defaultConfigurationName = Release;
		};
/* End XCConfigurationList section */
	};
	rootObject = D572C16D247EB34B00681E1B /* Project object */;
}
